{
  "name": "iitgComplaintApp",
  "lockfileVersion": 3,
  "requires": true,
  "packages": {
    "": {
      "dependencies": {
        "enums": "^1.0.3"
      }
    },
    "node_modules/enums": {
      "version": "1.0.3",
      "resolved": "https://registry.npmjs.org/enums/-/enums-1.0.3.tgz",
      "integrity": "sha512-frX+CcfiZv/XjNPa2txP0xvWgidgALkiJh5SmyLMIX9M5S9D1uapzoa4fX5tD/kd8IZSOAK+QxkhdBGRZH63cQ==",
      "license": "MIT",
      "engines": {
        "node": ">= 0.12.0"
      }
    }
  }
}
